
Microsoft Visual Studio Solution File, Format Version 12.00
# Visual Studio Version 17
VisualStudioVersion = 17.14.36511.14 d17.14
MinimumVisualStudioVersion = 10.0.40219.1
Project("{FAE04EC0-301F-11D3-BF4B-00C04F79EFBC}") = "week4_hw", "week4_hw\week4_hw.csproj", "{1538CB94-2A4E-4EC1-A374-F2611918C520}"
EndProject
Global
	GlobalSection(SolutionConfigurationPlatforms) = preSolution
		Debug|Any CPU = Debug|Any CPU
		Release|Any CPU = Release|Any CPU
	EndGlobalSection
	GlobalSection(ProjectConfigurationPlatforms) = postSolution
		{1538CB94-2A4E-4EC1-A374-F2611918C520}.Debug|Any CPU.ActiveCfg = Debug|Any CPU
		{1538CB94-2A4E-4EC1-A374-F2611918C520}.Debug|Any CPU.Build.0 = Debug|Any CPU
		{1538CB94-2A4E-4EC1-A374-F2611918C520}.Release|Any CPU.ActiveCfg = Release|Any CPU
		{1538CB94-2A4E-4EC1-A374-F2611918C520}.Release|Any CPU.Build.0 = Release|Any CPU
	EndGlobalSection
	GlobalSection(SolutionProperties) = preSolution
		HideSolutionNode = FALSE
	EndGlobalSection
	GlobalSection(ExtensibilityGlobals) = postSolution
		SolutionGuid = {5E80492D-2493-422B-A845-79CE91E7A927}
	EndGlobalSection
EndGlobal
